
Microsoft Visual Studio Solution File, Format Version 12.00
# Visual Studio Version 17
VisualStudioVersion = 17.0.32126.317
MinimumVisualStudioVersion = 10.0.40219.1
Project("{FAE04EC0-301F-11D3-BF4B-00C04F79EFBC}") = "15032022", "15032022\15032022.csproj", "{B32A1ADA-FB69-4A68-898B-84BF17B794D1}"
EndProject
Global
	GlobalSection(SolutionConfigurationPlatforms) = preSolution
		Debug|Any CPU = Debug|Any CPU
		Release|Any CPU = Release|Any CPU
	EndGlobalSection
	GlobalSection(ProjectConfigurationPlatforms) = postSolution
		{B32A1ADA-FB69-4A68-898B-84BF17B794D1}.Debug|Any CPU.ActiveCfg = Debug|Any CPU
		{B32A1ADA-FB69-4A68-898B-84BF17B794D1}.Debug|Any CPU.Build.0 = Debug|Any CPU
		{B32A1ADA-FB69-4A68-898B-84BF17B794D1}.Release|Any CPU.ActiveCfg = Release|Any CPU
		{B32A1ADA-FB69-4A68-898B-84BF17B794D1}.Release|Any CPU.Build.0 = Release|Any CPU
	EndGlobalSection
	GlobalSection(SolutionProperties) = preSolution
		HideSolutionNode = FALSE
	EndGlobalSection
	GlobalSection(ExtensibilityGlobals) = postSolution
		SolutionGuid = {FD0F30AC-3A18-4288-AD07-1923732629EF}
	EndGlobalSection
EndGlobal
